
Microsoft Visual Studio Solution File, Format Version 12.00
# Visual Studio 15
VisualStudioVersion = 15.0.28307.902
MinimumVisualStudioVersion = 10.0.40219.1
Project("{9A19103F-16F7-4668-BE54-9A1E7A4F7556}") = "SqlAsFile", "SqlAsFile\SqlAsFile.csproj", "{91FD6B31-26FE-4510-A86E-6554F774E383}"
EndProject
Project("{9A19103F-16F7-4668-BE54-9A1E7A4F7556}") = "Sample.Data", "Sample.Data\Sample.Data.csproj", "{DA4CFD60-403A-4862-BDFC-73031F26AD90}"
EndProject
Project("{9A19103F-16F7-4668-BE54-9A1E7A4F7556}") = "Sample.ConsoleApp", "Sample.ConsoleApp\Sample.ConsoleApp.csproj", "{3962D2DB-3D29-4BCC-8DD2-E348A94294DE}"
EndProject
Project("{FAE04EC0-301F-11D3-BF4B-00C04F79EFBC}") = "SqlAsFile.Tests", "SqlAsFile.Tests\SqlAsFile.Tests.csproj", "{472281C8-BF27-4565-AB68-4798459386A8}"
EndProject
Project("{2150E333-8FDC-42A3-9474-1A3956D46DE8}") = "Sample", "Sample", "{EB84B2C3-83CB-4E24-8BD5-EF4219F65C7C}"
EndProject
Global
	GlobalSection(SolutionConfigurationPlatforms) = preSolution
		Debug|Any CPU = Debug|Any CPU
		Release|Any CPU = Release|Any CPU
	EndGlobalSection
	GlobalSection(ProjectConfigurationPlatforms) = postSolution
		{91FD6B31-26FE-4510-A86E-6554F774E383}.Debug|Any CPU.ActiveCfg = Debug|Any CPU
		{91FD6B31-26FE-4510-A86E-6554F774E383}.Debug|Any CPU.Build.0 = Debug|Any CPU
		{91FD6B31-26FE-4510-A86E-6554F774E383}.Release|Any CPU.ActiveCfg = Release|Any CPU
		{91FD6B31-26FE-4510-A86E-6554F774E383}.Release|Any CPU.Build.0 = Release|Any CPU
		{DA4CFD60-403A-4862-BDFC-73031F26AD90}.Debug|Any CPU.ActiveCfg = Debug|Any CPU
		{DA4CFD60-403A-4862-BDFC-73031F26AD90}.Debug|Any CPU.Build.0 = Debug|Any CPU
		{DA4CFD60-403A-4862-BDFC-73031F26AD90}.Release|Any CPU.ActiveCfg = Release|Any CPU
		{DA4CFD60-403A-4862-BDFC-73031F26AD90}.Release|Any CPU.Build.0 = Release|Any CPU
		{3962D2DB-3D29-4BCC-8DD2-E348A94294DE}.Debug|Any CPU.ActiveCfg = Debug|Any CPU
		{3962D2DB-3D29-4BCC-8DD2-E348A94294DE}.Debug|Any CPU.Build.0 = Debug|Any CPU
		{3962D2DB-3D29-4BCC-8DD2-E348A94294DE}.Release|Any CPU.ActiveCfg = Release|Any CPU
		{3962D2DB-3D29-4BCC-8DD2-E348A94294DE}.Release|Any CPU.Build.0 = Release|Any CPU
		{472281C8-BF27-4565-AB68-4798459386A8}.Debug|Any CPU.ActiveCfg = Debug|Any CPU
		{472281C8-BF27-4565-AB68-4798459386A8}.Debug|Any CPU.Build.0 = Debug|Any CPU
		{472281C8-BF27-4565-AB68-4798459386A8}.Release|Any CPU.ActiveCfg = Release|Any CPU
		{472281C8-BF27-4565-AB68-4798459386A8}.Release|Any CPU.Build.0 = Release|Any CPU
	EndGlobalSection
	GlobalSection(SolutionProperties) = preSolution
		HideSolutionNode = FALSE
	EndGlobalSection
	GlobalSection(NestedProjects) = preSolution
		{DA4CFD60-403A-4862-BDFC-73031F26AD90} = {EB84B2C3-83CB-4E24-8BD5-EF4219F65C7C}
		{3962D2DB-3D29-4BCC-8DD2-E348A94294DE} = {EB84B2C3-83CB-4E24-8BD5-EF4219F65C7C}
	EndGlobalSection
	GlobalSection(ExtensibilityGlobals) = postSolution
		SolutionGuid = {B994848C-C7BF-4934-81B8-686232E35353}
	EndGlobalSection
EndGlobal
